github.com/andsyahr/go-say-hello v1.0.0 h1:FMckWpR5iRi1BBgm8SJdqK19bR272asyFvR7Qy9gXo0=
github.com/andsyahr/go-say-hello v1.0.0/go.mod h1:K0IaH8q3FbILAS8fpgg/TM3mEDHdlAludOzUUnicFFs=
github.com/andsyahr/go-say-hello v1.1.0 h1:Rkv32o2uda7pc+Ah6NhfDy3dWKkdvDHa0xZxRr7Lgho=
github.com/andsyahr/go-say-hello v1.1.0/go.mod h1:K0IaH8q3FbILAS8fpgg/TM3mEDHdlAludOzUUnicFFs=
github.com/andsyahr/go-say-hello/v2 v2.0.0 h1:rTJSJqLO80OHxFCyfm6FsBW7597jOwPzqras+1yjNPQ=
github.com/andsyahr/go-say-hello/v2 v2.0.0/go.mod h1:A5haMT4adKwLPyQupUw0fboYtMmZh8q08cQFNSENuiM=
